// !$*UTF8*$!
{
	archiveVersion = 1;
	classes = {
	};
	objectVersion = 46;
	objects = {

/* Begin PBXBuildFile section */
		0760BD001BC9960E008C3CC5 /* Foundation.framework in Frameworks */ = {isa = PBXBuildFile; fileRef = 0760BCFF1BC9960E008C3CC5 /* Foundation.framework */; };
		0760BD021BC9960E008C3CC5 /* CoreGraphics.framework in Frameworks */ = {isa = PBXBuildFile; fileRef = 0760BD011BC9960E008C3CC5 /* CoreGraphics.framework */; };
		0760BD041BC9960E008C3CC5 /* UIKit.framework in Frameworks */ = {isa = PBXBuildFile; fileRef = 0760BD031BC9960E008C3CC5 /* UIKit.framework */; };
		0760BD0A1BC9960E008C3CC5 /* InfoPlist.strings in Resources */ = {isa = PBXBuildFile; fileRef = 0760BD081BC9960E008C3CC5 /* InfoPlist.strings */; };
		0760BD0C1BC9960E008C3CC5 /* main.m in Sources */ = {isa = PBXBuildFile; fileRef = 0760BD0B1BC9960E008C3CC5 /* main.m */; };
		0760BD101BC9960E008C3CC5 /* LFAppDelegate.m in Sources */ = {isa = PBXBuildFile; fileRef = 0760BD0F1BC9960E008C3CC5 /* LFAppDelegate.m */; };
		0760BD131BC9960E008C3CC5 /* Main_iPhone.storyboard in Resources */ = {isa = PBXBuildFile; fileRef = 0760BD111BC9960E008C3CC5 /* Main_iPhone.storyboard */; };
		0760BD161BC9960E008C3CC5 /* Main_iPad.storyboard in Resources */ = {isa = PBXBuildFile; fileRef = 0760BD141BC9960E008C3CC5 /* Main_iPad.storyboard */; };
		0760BD191BC9960E008C3CC5 /* LFFirstViewController.m in Sources */ = {isa = PBXBuildFile; fileRef = 0760BD181BC9960E008C3CC5 /* LFFirstViewController.m */; };
		0760BD1C1BC9960E008C3CC5 /* LFSecondViewController.m in Sources */ = {isa = PBXBuildFile; fileRef = 0760BD1B1BC9960E008C3CC5 /* LFSecondViewController.m */; };
		0760BD1E1BC9960E008C3CC5 /* Images.xcassets in Resources */ = {isa = PBXBuildFile; fileRef = 0760BD1D1BC9960E008C3CC5 /* Images.xcassets */; };
		0760BD251BC9960E008C3CC5 /* XCTest.framework in Frameworks */ = {isa = PBXBuildFile; fileRef = 0760BD241BC9960E008C3CC5 /* XCTest.framework */; };
		0760BD261BC9960E008C3CC5 /* Foundation.framework in Frameworks */ = {isa = PBXBuildFile; fileRef = 0760BCFF1BC9960E008C3CC5 /* Foundation.framework */; };
		0760BD271BC9960E008C3CC5 /* UIKit.framework in Frameworks */ = {isa = PBXBuildFile; fileRef = 0760BD031BC9960E008C3CC5 /* UIKit.framework */; };
		0760BD2F1BC9960E008C3CC5 /* InfoPlist.strings in Resources */ = {isa = PBXBuildFile; fileRef = 0760BD2D1BC9960E008C3CC5 /* InfoPlist.strings */; };
		0760BD311BC9960E008C3CC5 /* lunchifyTests.m in Sources */ = {isa = PBXBuildFile; fileRef = 0760BD301BC9960E008C3CC5 /* lunchifyTests.m */; };
		24081FDD1BC9F78900DFD85E /* LaunchScreen.storyboard in Resources */ = {isa = PBXBuildFile; fileRef = 24081FDC1BC9F78900DFD85E /* LaunchScreen.storyboard */; settings = {ASSET_TAGS = (); }; };
		24376D3C1BC9A31D00638C6B /* LFUser.m in Sources */ = {isa = PBXBuildFile; fileRef = 24376D3B1BC9A31D00638C6B /* LFUser.m */; settings = {ASSET_TAGS = (); }; };
		24376D401BC9A34700638C6B /* LFVote.m in Sources */ = {isa = PBXBuildFile; fileRef = 24376D3F1BC9A34700638C6B /* LFVote.m */; settings = {ASSET_TAGS = (); }; };
		24376D431BC9A48C00638C6B /* LFChoice.m in Sources */ = {isa = PBXBuildFile; fileRef = 24376D421BC9A48C00638C6B /* LFChoice.m */; settings = {ASSET_TAGS = (); }; };
		24376D461BC9A84800638C6B /* LFRestaurant.m in Sources */ = {isa = PBXBuildFile; fileRef = 24376D451BC9A84800638C6B /* LFRestaurant.m */; settings = {ASSET_TAGS = (); }; };
		24376D491BC9AACB00638C6B /* LFVoteManager.m in Sources */ = {isa = PBXBuildFile; fileRef = 24376D481BC9AACB00638C6B /* LFVoteManager.m */; settings = {ASSET_TAGS = (); }; };
		24376D4C1BC9B33300638C6B /* LFServerApi.m in Sources */ = {isa = PBXBuildFile; fileRef = 24376D4B1BC9B33300638C6B /* LFServerApi.m */; settings = {ASSET_TAGS = (); }; };
		24376D4F1BC9D13C00638C6B /* LFChoiceViewController.m in Sources */ = {isa = PBXBuildFile; fileRef = 24376D4E1BC9D13C00638C6B /* LFChoiceViewController.m */; settings = {ASSET_TAGS = (); }; };
/* End PBXBuildFile section */

/* Begin PBXContainerItemProxy section */
		0760BD281BC9960E008C3CC5 /* PBXContainerItemProxy */ = {
			isa = PBXContainerItemProxy;
			containerPortal = 0760BCF41BC9960D008C3CC5 /* Project object */;
			proxyType = 1;
			remoteGlobalIDString = 0760BCFB1BC9960E008C3CC5;
			remoteInfo = lunchify;
		};
/* End PBXContainerItemProxy section */

/* Begin PBXFileReference section */
		0760BCFC1BC9960E008C3CC5 /* lunchify.app */ = {isa = PBXFileReference; explicitFileType = wrapper.application; includeInIndex = 0; path = lunchify.app; sourceTree = BUILT_PRODUCTS_DIR; };
		0760BCFF1BC9960E008C3CC5 /* Foundation.framework */ = {isa = PBXFileReference; lastKnownFileType = wrapper.framework; name = Foundation.framework; path = System/Library/Frameworks/Foundation.framework; sourceTree = SDKROOT; };
		0760BD011BC9960E008C3CC5 /* CoreGraphics.framework */ = {isa = PBXFileReference; lastKnownFileType = wrapper.framework; name = CoreGraphics.framework; path = System/Library/Frameworks/CoreGraphics.framework; sourceTree = SDKROOT; };
		0760BD031BC9960E008C3CC5 /* UIKit.framework */ = {isa = PBXFileReference; lastKnownFileType = wrapper.framework; name = UIKit.framework; path = System/Library/Frameworks/UIKit.framework; sourceTree = SDKROOT; };
		0760BD071BC9960E008C3CC5 /* lunchify-Info.plist */ = {isa = PBXFileReference; lastKnownFileType = text.plist.xml; path = "lunchify-Info.plist"; sourceTree = "<group>"; };
		0760BD091BC9960E008C3CC5 /* en */ = {isa = PBXFileReference; lastKnownFileType = text.plist.strings; name = en; path = en.lproj/InfoPlist.strings; sourceTree = "<group>"; };
		0760BD0B1BC9960E008C3CC5 /* main.m */ = {isa = PBXFileReference; lastKnownFileType = sourcecode.c.objc; path = main.m; sourceTree = "<group>"; };
		0760BD0D1BC9960E008C3CC5 /* lunchify-Prefix.pch */ = {isa = PBXFileReference; lastKnownFileType = sourcecode.c.h; path = "lunchify-Prefix.pch"; sourceTree = "<group>"; };
		0760BD0E1BC9960E008C3CC5 /* LFAppDelegate.h */ = {isa = PBXFileReference; lastKnownFileType = sourcecode.c.h; path = LFAppDelegate.h; sourceTree = "<group>"; };
		0760BD0F1BC9960E008C3CC5 /* LFAppDelegate.m */ = {isa = PBXFileReference; lastKnownFileType = sourcecode.c.objc; path = LFAppDelegate.m; sourceTree = "<group>"; };
		0760BD121BC9960E008C3CC5 /* Base */ = {isa = PBXFileReference; lastKnownFileType = file.storyboard; name = Base; path = Base.lproj/Main_iPhone.storyboard; sourceTree = "<group>"; };
		0760BD151BC9960E008C3CC5 /* Base */ = {isa = PBXFileReference; lastKnownFileType = file.storyboard; name = Base; path = Base.lproj/Main_iPad.storyboard; sourceTree = "<group>"; };
		0760BD171BC9960E008C3CC5 /* LFFirstViewController.h */ = {isa = PBXFileReference; lastKnownFileType = sourcecode.c.h; path = LFFirstViewController.h; sourceTree = "<group>"; };
		0760BD181BC9960E008C3CC5 /* LFFirstViewController.m */ = {isa = PBXFileReference; lastKnownFileType = sourcecode.c.objc; path = LFFirstViewController.m; sourceTree = "<group>"; };
		0760BD1A1BC9960E008C3CC5 /* LFSecondViewController.h */ = {isa = PBXFileReference; lastKnownFileType = sourcecode.c.h; path = LFSecondViewController.h; sourceTree = "<group>"; };
		0760BD1B1BC9960E008C3CC5 /* LFSecondViewController.m */ = {isa = PBXFileReference; lastKnownFileType = sourcecode.c.objc; path = LFSecondViewController.m; sourceTree = "<group>"; };
		0760BD1D1BC9960E008C3CC5 /* Images.xcassets */ = {isa = PBXFileReference; lastKnownFileType = folder.assetcatalog; path = Images.xcassets; sourceTree = "<group>"; };
		0760BD231BC9960E008C3CC5 /* lunchifyTests.xctest */ = {isa = PBXFileReference; explicitFileType = wrapper.cfbundle; includeInIndex = 0; path = lunchifyTests.xctest; sourceTree = BUILT_PRODUCTS_DIR; };
		0760BD241BC9960E008C3CC5 /* XCTest.framework */ = {isa = PBXFileReference; lastKnownFileType = wrapper.framework; name = XCTest.framework; path = Library/Frameworks/XCTest.framework; sourceTree = DEVELOPER_DIR; };
		0760BD2C1BC9960E008C3CC5 /* lunchifyTests-Info.plist */ = {isa = PBXFileReference; lastKnownFileType = text.plist.xml; path = "lunchifyTests-Info.plist"; sourceTree = "<group>"; };
		0760BD2E1BC9960E008C3CC5 /* en */ = {isa = PBXFileReference; lastKnownFileType = text.plist.strings; name = en; path = en.lproj/InfoPlist.strings; sourceTree = "<group>"; };
		0760BD301BC9960E008C3CC5 /* lunchifyTests.m */ = {isa = PBXFileReference; lastKnownFileType = sourcecode.c.objc; path = lunchifyTests.m; sourceTree = "<group>"; };
		24081FDC1BC9F78900DFD85E /* LaunchScreen.storyboard */ = {isa = PBXFileReference; fileEncoding = 4; lastKnownFileType = file.storyboard; path = LaunchScreen.storyboard; sourceTree = "<group>"; };
		24376D3A1BC9A31D00638C6B /* LFUser.h */ = {isa = PBXFileReference; fileEncoding = 4; lastKnownFileType = sourcecode.c.h; path = LFUser.h; sourceTree = "<group>"; };
		24376D3B1BC9A31D00638C6B /* LFUser.m */ = {isa = PBXFileReference; fileEncoding = 4; lastKnownFileType = sourcecode.c.objc; path = LFUser.m; sourceTree = "<group>"; };
		24376D3E1BC9A34700638C6B /* LFVote.h */ = {isa = PBXFileReference; fileEncoding = 4; lastKnownFileType = sourcecode.c.h; path = LFVote.h; sourceTree = "<group>"; };
		24376D3F1BC9A34700638C6B /* LFVote.m */ = {isa = PBXFileReference; fileEncoding = 4; lastKnownFileType = sourcecode.c.objc; path = LFVote.m; sourceTree = "<group>"; };
		24376D411BC9A48C00638C6B /* LFChoice.h */ = {isa = PBXFileReference; fileEncoding = 4; lastKnownFileType = sourcecode.c.h; path = LFChoice.h; sourceTree = "<group>"; };
		24376D421BC9A48C00638C6B /* LFChoice.m */ = {isa = PBXFileReference; fileEncoding = 4; lastKnownFileType = sourcecode.c.objc; path = LFChoice.m; sourceTree = "<group>"; };
		24376D441BC9A84800638C6B /* LFRestaurant.h */ = {isa = PBXFileReference; fileEncoding = 4; lastKnownFileType = sourcecode.c.h; path = LFRestaurant.h; sourceTree = "<group>"; };
		24376D451BC9A84800638C6B /* LFRestaurant.m */ = {isa = PBXFileReference; fileEncoding = 4; lastKnownFileType = sourcecode.c.objc; path = LFRestaurant.m; sourceTree = "<group>"; };
		24376D471BC9AACB00638C6B /* LFVoteManager.h */ = {isa = PBXFileReference; fileEncoding = 4; lastKnownFileType = sourcecode.c.h; path = LFVoteManager.h; sourceTree = "<group>"; };
		24376D481BC9AACB00638C6B /* LFVoteManager.m */ = {isa = PBXFileReference; fileEncoding = 4; lastKnownFileType = sourcecode.c.objc; path = LFVoteManager.m; sourceTree = "<group>"; };
		24376D4A1BC9B33300638C6B /* LFServerApi.h */ = {isa = PBXFileReference; fileEncoding = 4; lastKnownFileType = sourcecode.c.h; path = LFServerApi.h; sourceTree = "<group>"; };
		24376D4B1BC9B33300638C6B /* LFServerApi.m */ = {isa = PBXFileReference; fileEncoding = 4; lastKnownFileType = sourcecode.c.objc; path = LFServerApi.m; sourceTree = "<group>"; };
		24376D4D1BC9D13C00638C6B /* LFChoiceViewController.h */ = {isa = PBXFileReference; fileEncoding = 4; lastKnownFileType = sourcecode.c.h; path = LFChoiceViewController.h; sourceTree = "<group>"; };
		24376D4E1BC9D13C00638C6B /* LFChoiceViewController.m */ = {isa = PBXFileReference; fileEncoding = 4; lastKnownFileType = sourcecode.c.objc; path = LFChoiceViewController.m; sourceTree = "<group>"; };
/* End PBXFileReference section */

/* Begin PBXFrameworksBuildPhase section */
		0760BCF91BC9960E008C3CC5 /* Frameworks */ = {
			isa = PBXFrameworksBuildPhase;
			buildActionMask = 2147483647;
			files = (
				0760BD021BC9960E008C3CC5 /* CoreGraphics.framework in Frameworks */,
				0760BD041BC9960E008C3CC5 /* UIKit.framework in Frameworks */,
				0760BD001BC9960E008C3CC5 /* Foundation.framework in Frameworks */,
			);
			runOnlyForDeploymentPostprocessing = 0;
		};
		0760BD201BC9960E008C3CC5 /* Frameworks */ = {
			isa = PBXFrameworksBuildPhase;
			buildActionMask = 2147483647;
			files = (
				0760BD251BC9960E008C3CC5 /* XCTest.framework in Frameworks */,
				0760BD271BC9960E008C3CC5 /* UIKit.framework in Frameworks */,
				0760BD261BC9960E008C3CC5 /* Foundation.framework in Frameworks */,
			);
			runOnlyForDeploymentPostprocessing = 0;
		};
/* End PBXFrameworksBuildPhase section */

/* Begin PBXGroup section */
		0760BCF31BC9960D008C3CC5 = {
			isa = PBXGroup;
			children = (
				0760BD051BC9960E008C3CC5 /* lunchify */,
				0760BD2A1BC9960E008C3CC5 /* lunchifyTests */,
				0760BCFE1BC9960E008C3CC5 /* Frameworks */,
				0760BCFD1BC9960E008C3CC5 /* Products */,
			);
			sourceTree = "<group>";
		};
		0760BCFD1BC9960E008C3CC5 /* Products */ = {
			isa = PBXGroup;
			children = (
				0760BCFC1BC9960E008C3CC5 /* lunchify.app */,
				0760BD231BC9960E008C3CC5 /* lunchifyTests.xctest */,
			);
			name = Products;
			sourceTree = "<group>";
		};
		0760BCFE1BC9960E008C3CC5 /* Frameworks */ = {
			isa = PBXGroup;
			children = (
				0760BCFF1BC9960E008C3CC5 /* Foundation.framework */,
				0760BD011BC9960E008C3CC5 /* CoreGraphics.framework */,
				0760BD031BC9960E008C3CC5 /* UIKit.framework */,
				0760BD241BC9960E008C3CC5 /* XCTest.framework */,
			);
			name = Frameworks;
			sourceTree = "<group>";
		};
		0760BD051BC9960E008C3CC5 /* lunchify */ = {
			isa = PBXGroup;
			children = (
				24376D3D1BC9A32300638C6B /* Models */,
				0760BD0E1BC9960E008C3CC5 /* LFAppDelegate.h */,
				0760BD0F1BC9960E008C3CC5 /* LFAppDelegate.m */,
				0760BD111BC9960E008C3CC5 /* Main_iPhone.storyboard */,
				0760BD141BC9960E008C3CC5 /* Main_iPad.storyboard */,
				0760BD171BC9960E008C3CC5 /* LFFirstViewController.h */,
				0760BD181BC9960E008C3CC5 /* LFFirstViewController.m */,
				0760BD1A1BC9960E008C3CC5 /* LFSecondViewController.h */,
				0760BD1B1BC9960E008C3CC5 /* LFSecondViewController.m */,
				0760BD1D1BC9960E008C3CC5 /* Images.xcassets */,
				0760BD061BC9960E008C3CC5 /* Supporting Files */,
				24376D4A1BC9B33300638C6B /* LFServerApi.h */,
				24376D4B1BC9B33300638C6B /* LFServerApi.m */,
				24376D4D1BC9D13C00638C6B /* LFChoiceViewController.h */,
				24376D4E1BC9D13C00638C6B /* LFChoiceViewController.m */,
				24081FDC1BC9F78900DFD85E /* LaunchScreen.storyboard */,
			);
			path = lunchify;
			sourceTree = "<group>";
		};
		0760BD061BC9960E008C3CC5 /* Supporting Files */ = {
			isa = PBXGroup;
			children = (
				0760BD071BC9960E008C3CC5 /* lunchify-Info.plist */,
				0760BD081BC9960E008C3CC5 /* InfoPlist.strings */,
				0760BD0B1BC9960E008C3CC5 /* main.m */,
				0760BD0D1BC9960E008C3CC5 /* lunchify-Prefix.pch */,
			);
			name = "Supporting Files";
			sourceTree = "<group>";
		};
		0760BD2A1BC9960E008C3CC5 /* lunchifyTests */ = {
			isa = PBXGroup;
			children = (
				0760BD301BC9960E008C3CC5 /* lunchifyTests.m */,
				0760BD2B1BC9960E008C3CC5 /* Supporting Files */,
			);
			path = lunchifyTests;
			sourceTree = "<group>";
		};
		0760BD2B1BC9960E008C3CC5 /* Supporting Files */ = {
			isa = PBXGroup;
			children = (
				0760BD2C1BC9960E008C3CC5 /* lunchifyTests-Info.plist */,
				0760BD2D1BC9960E008C3CC5 /* InfoPlist.strings */,
			);
			name = "Supporting Files";
			sourceTree = "<group>";
		};
		24376D3D1BC9A32300638C6B /* Models */ = {
			isa = PBXGroup;
			children = (
				24376D3A1BC9A31D00638C6B /* LFUser.h */,
				24376D3B1BC9A31D00638C6B /* LFUser.m */,
				24376D3E1BC9A34700638C6B /* LFVote.h */,
				24376D3F1BC9A34700638C6B /* LFVote.m */,
				24376D411BC9A48C00638C6B /* LFChoice.h */,
				24376D421BC9A48C00638C6B /* LFChoice.m */,
				24376D441BC9A84800638C6B /* LFRestaurant.h */,
				24376D451BC9A84800638C6B /* LFRestaurant.m */,
				24376D471BC9AACB00638C6B /* LFVoteManager.h */,
				24376D481BC9AACB00638C6B /* LFVoteManager.m */,
			);
			name = Models;
			sourceTree = "<group>";
		};
/* End PBXGroup section */

/* Begin PBXNativeTarget section */
		0760BCFB1BC9960E008C3CC5 /* lunchify */ = {
			isa = PBXNativeTarget;
			buildConfigurationList = 0760BD341BC9960E008C3CC5 /* Build configuration list for PBXNativeTarget "lunchify" */;
			buildPhases = (
				0760BCF81BC9960E008C3CC5 /* Sources */,
				0760BCF91BC9960E008C3CC5 /* Frameworks */,
				0760BCFA1BC9960E008C3CC5 /* Resources */,
			);
			buildRules = (
			);
			dependencies = (
			);
			name = lunchify;
			productName = lunchify;
			productReference = 0760BCFC1BC9960E008C3CC5 /* lunchify.app */;
			productType = "com.apple.product-type.application";
		};
		0760BD221BC9960E008C3CC5 /* lunchifyTests */ = {
			isa = PBXNativeTarget;
			buildConfigurationList = 0760BD371BC9960E008C3CC5 /* Build configuration list for PBXNativeTarget "lunchifyTests" */;
			buildPhases = (
				0760BD1F1BC9960E008C3CC5 /* Sources */,
				0760BD201BC9960E008C3CC5 /* Frameworks */,
				0760BD211BC9960E008C3CC5 /* Resources */,
			);
			buildRules = (
			);
			dependencies = (
				0760BD291BC9960E008C3CC5 /* PBXTargetDependency */,
			);
			name = lunchifyTests;
			productName = lunchifyTests;
			productReference = 0760BD231BC9960E008C3CC5 /* lunchifyTests.xctest */;
			productType = "com.apple.product-type.bundle.unit-test";
		};
/* End PBXNativeTarget section */

/* Begin PBXProject section */
		0760BCF41BC9960D008C3CC5 /* Project object */ = {
			isa = PBXProject;
			attributes = {
				CLASSPREFIX = LF;
				LastUpgradeCheck = 0700;
				ORGANIZATIONNAME = Sookasa;
				TargetAttributes = {
					0760BD221BC9960E008C3CC5 = {
						TestTargetID = 0760BCFB1BC9960E008C3CC5;
					};
				};
			};
			buildConfigurationList = 0760BCF71BC9960D008C3CC5 /* Build configuration list for PBXProject "lunchify" */;
			compatibilityVersion = "Xcode 3.2";
			developmentRegion = English;
			hasScannedForEncodings = 0;
			knownRegions = (
				en,
				Base,
			);
			mainGroup = 0760BCF31BC9960D008C3CC5;
			productRefGroup = 0760BCFD1BC9960E008C3CC5 /* Products */;
			projectDirPath = "";
			projectRoot = "";
			targets = (
				0760BCFB1BC9960E008C3CC5 /* lunchify */,
				0760BD221BC9960E008C3CC5 /* lunchifyTests */,
			);
		};
/* End PBXProject section */

/* Begin PBXResourcesBuildPhase section */
		0760BCFA1BC9960E008C3CC5 /* Resources */ = {
			isa = PBXResourcesBuildPhase;
			buildActionMask = 2147483647;
			files = (
				0760BD161BC9960E008C3CC5 /* Main_iPad.storyboard in Resources */,
				0760BD1E1BC9960E008C3CC5 /* Images.xcassets in Resources */,
				0760BD131BC9960E008C3CC5 /* Main_iPhone.storyboard in Resources */,
				24081FDD1BC9F78900DFD85E /* LaunchScreen.storyboard in Resources */,
				0760BD0A1BC9960E008C3CC5 /* InfoPlist.strings in Resources */,
			);
			runOnlyForDeploymentPostprocessing = 0;
		};
		0760BD211BC9960E008C3CC5 /* Resources */ = {
			isa = PBXResourcesBuildPhase;
			buildActionMask = 2147483647;
			files = (
				0760BD2F1BC9960E008C3CC5 /* InfoPlist.strings in Resources */,
			);
			runOnlyForDeploymentPostprocessing = 0;
		};
/* End PBXResourcesBuildPhase section */

/* Begin PBXSourcesBuildPhase section */
		0760BCF81BC9960E008C3CC5 /* Sources */ = {
			isa = PBXSourcesBuildPhase;
			buildActionMask = 2147483647;
			files = (
				0760BD1C1BC9960E008C3CC5 /* LFSecondViewController.m in Sources */,
				0760BD191BC9960E008C3CC5 /* LFFirstViewController.m in Sources */,
				24376D4F1BC9D13C00638C6B /* LFChoiceViewController.m in Sources */,
				0760BD101BC9960E008C3CC5 /* LFAppDelegate.m in Sources */,
				24376D4C1BC9B33300638C6B /* LFServerApi.m in Sources */,
				0760BD0C1BC9960E008C3CC5 /* main.m in Sources */,
				24376D461BC9A84800638C6B /* LFRestaurant.m in Sources */,
				24376D431BC9A48C00638C6B /* LFChoice.m in Sources */,
				24376D491BC9AACB00638C6B /* LFVoteManager.m in Sources */,
				24376D3C1BC9A31D00638C6B /* LFUser.m in Sources */,
				24376D401BC9A34700638C6B /* LFVote.m in Sources */,
			);
			runOnlyForDeploymentPostprocessing = 0;
		};
		0760BD1F1BC9960E008C3CC5 /* Sources */ = {
			isa = PBXSourcesBuildPhase;
			buildActionMask = 2147483647;
			files = (
				0760BD311BC9960E008C3CC5 /* lunchifyTests.m in Sources */,
			);
			runOnlyForDeploymentPostprocessing = 0;
		};
/* End PBXSourcesBuildPhase section */

/* Begin PBXTargetDependency section */
		0760BD291BC9960E008C3CC5 /* PBXTargetDependency */ = {
			isa = PBXTargetDependency;
			target = 0760BCFB1BC9960E008C3CC5 /* lunchify */;
			targetProxy = 0760BD281BC9960E008C3CC5 /* PBXContainerItemProxy */;
		};
/* End PBXTargetDependency section */

/* Begin PBXVariantGroup section */
		0760BD081BC9960E008C3CC5 /* InfoPlist.strings */ = {
			isa = PBXVariantGroup;
			children = (
				0760BD091BC9960E008C3CC5 /* en */,
			);
			name = InfoPlist.strings;
			sourceTree = "<group>";
		};
		0760BD111BC9960E008C3CC5 /* Main_iPhone.storyboard */ = {
			isa = PBXVariantGroup;
			children = (
				0760BD121BC9960E008C3CC5 /* Base */,
			);
			name = Main_iPhone.storyboard;
			sourceTree = "<group>";
		};
		0760BD141BC9960E008C3CC5 /* Main_iPad.storyboard */ = {
			isa = PBXVariantGroup;
			children = (
				0760BD151BC9960E008C3CC5 /* Base */,
			);
			name = Main_iPad.storyboard;
			sourceTree = "<group>";
		};
		0760BD2D1BC9960E008C3CC5 /* InfoPlist.strings */ = {
			isa = PBXVariantGroup;
			children = (
				0760BD2E1BC9960E008C3CC5 /* en */,
			);
			name = InfoPlist.strings;
			sourceTree = "<group>";
		};
/* End PBXVariantGroup section */

/* Begin XCBuildConfiguration section */
		0760BD321BC9960E008C3CC5 /* Debug */ = {
			isa = XCBuildConfiguration;
			buildSettings = {
				ALWAYS_SEARCH_USER_PATHS = NO;
				CLANG_CXX_LANGUAGE_STANDARD = "gnu++0x";
				CLANG_CXX_LIBRARY = "libc++";
				CLANG_ENABLE_MODULES = YES;
				CLANG_ENABLE_OBJC_ARC = YES;
				CLANG_WARN_BOOL_CONVERSION = YES;
				CLANG_WARN_CONSTANT_CONVERSION = YES;
				CLANG_WARN_DIRECT_OBJC_ISA_USAGE = YES_ERROR;
				CLANG_WARN_EMPTY_BODY = YES;
				CLANG_WARN_ENUM_CONVERSION = YES;
				CLANG_WARN_INT_CONVERSION = YES;
				CLANG_WARN_OBJC_ROOT_CLASS = YES_ERROR;
				CLANG_WARN__DUPLICATE_METHOD_MATCH = YES;
				"CODE_SIGN_IDENTITY[sdk=iphoneos*]" = "iPhone Developer";
				COPY_PHASE_STRIP = NO;
				ENABLE_TESTABILITY = YES;
				GCC_C_LANGUAGE_STANDARD = gnu99;
				GCC_DYNAMIC_NO_PIC = NO;
				GCC_OPTIMIZATION_LEVEL = 0;
				GCC_PREPROCESSOR_DEFINITIONS = (
					"DEBUG=1",
					"$(inherited)",
				);
				GCC_SYMBOLS_PRIVATE_EXTERN = NO;
				GCC_WARN_64_TO_32_BIT_CONVERSION = YES;
				GCC_WARN_ABOUT_RETURN_TYPE = YES_ERROR;
				GCC_WARN_UNDECLARED_SELECTOR = YES;
				GCC_WARN_UNINITIALIZED_AUTOS = YES_AGGRESSIVE;
				GCC_WARN_UNUSED_FUNCTION = YES;
				GCC_WARN_UNUSED_VARIABLE = YES;
				IPHONEOS_DEPLOYMENT_TARGET = 7.1;
				ONLY_ACTIVE_ARCH = YES;
				SDKROOT = iphoneos;
				TARGETED_DEVICE_FAMILY = "1,2";
			};
			name = Debug;
		};
		0760BD331BC9960E008C3CC5 /* Release */ = {
			isa = XCBuildConfiguration;
			buildSettings = {
				ALWAYS_SEARCH_USER_PATHS = NO;
				CLANG_CXX_LANGUAGE_STANDARD = "gnu++0x";
				CLANG_CXX_LIBRARY = "libc++";
				CLANG_ENABLE_MODULES = YES;
				CLANG_ENABLE_OBJC_ARC = YES;
				CLANG_WARN_BOOL_CONVERSION = YES;
				CLANG_WARN_CONSTANT_CONVERSION = YES;
				CLANG_WARN_DIRECT_OBJC_ISA_USAGE = YES_ERROR;
				CLANG_WARN_EMPTY_BODY = YES;
				CLANG_WARN_ENUM_CONVERSION = YES;
				CLANG_WARN_INT_CONVERSION = YES;
				CLANG_WARN_OBJC_ROOT_CLASS = YES_ERROR;
				CLANG_WARN__DUPLICATE_METHOD_MATCH = YES;
				"CODE_SIGN_IDENTITY[sdk=iphoneos*]" = "iPhone Developer";
				COPY_PHASE_STRIP = YES;
				ENABLE_NS_ASSERTIONS = NO;
				GCC_C_LANGUAGE_STANDARD = gnu99;
				GCC_WARN_64_TO_32_BIT_CONVERSION = YES;
				GCC_WARN_ABOUT_RETURN_TYPE = YES_ERROR;
				GCC_WARN_UNDECLARED_SELECTOR = YES;
				GCC_WARN_UNINITIALIZED_AUTOS = YES_AGGRESSIVE;
				GCC_WARN_UNUSED_FUNCTION = YES;
				GCC_WARN_UNUSED_VARIABLE = YES;
				IPHONEOS_DEPLOYMENT_TARGET = 7.1;
				SDKROOT = iphoneos;
				TARGETED_DEVICE_FAMILY = "1,2";
				VALIDATE_PRODUCT = YES;
			};
			name = Release;
		};
		0760BD351BC9960E008C3CC5 /* Debug */ = {
			isa = XCBuildConfiguration;
			buildSettings = {
				ASSETCATALOG_COMPILER_APPICON_NAME = AppIcon;
				ASSETCATALOG_COMPILER_LAUNCHIMAGE_NAME = BrandAsset;
				GCC_PRECOMPILE_PREFIX_HEADER = YES;
				GCC_PREFIX_HEADER = "lunchify/lunchify-Prefix.pch";
				INFOPLIST_FILE = "lunchify/lunchify-Info.plist";
				IPHONEOS_DEPLOYMENT_TARGET = 9.0;
				PRODUCT_BUNDLE_IDENTIFIER = "sookasa.${PRODUCT_NAME:rfc1034identifier}";
				PRODUCT_NAME = "$(TARGET_NAME)";
				WRAPPER_EXTENSION = app;
			};
			name = Debug;
		};
		0760BD361BC9960E008C3CC5 /* Release */ = {
			isa = XCBuildConfiguration;
			buildSettings = {
				ASSETCATALOG_COMPILER_APPICON_NAME = AppIcon;
				ASSETCATALOG_COMPILER_LAUNCHIMAGE_NAME = BrandAsset;
				GCC_PRECOMPILE_PREFIX_HEADER = YES;
				GCC_PREFIX_HEADER = "lunchify/lunchify-Prefix.pch";
				INFOPLIST_FILE = "lunchify/lunchify-Info.plist";
				IPHONEOS_DEPLOYMENT_TARGET = 9.0;
				PRODUCT_BUNDLE_IDENTIFIER = "sookasa.${PRODUCT_NAME:rfc1034identifier}";
				PRODUCT_NAME = "$(TARGET_NAME)";
				WRAPPER_EXTENSION = app;
			};
			name = Release;
		};
		0760BD381BC9960E008C3CC5 /* Debug */ = {
			isa = XCBuildConfiguration;
			buildSettings = {
				BUNDLE_LOADER = "$(BUILT_PRODUCTS_DIR)/lunchify.app/lunchify";
				FRAMEWORK_SEARCH_PATHS = (
					"$(SDKROOT)/Developer/Library/Frameworks",
					"$(inherited)",
					"$(DEVELOPER_FRAMEWORKS_DIR)",
				);
				GCC_PRECOMPILE_PREFIX_HEADER = YES;
				GCC_PREFIX_HEADER = "lunchify/lunchify-Prefix.pch";
				GCC_PREPROCESSOR_DEFINITIONS = (
					"DEBUG=1",
					"$(inherited)",
				);
				INFOPLIST_FILE = "lunchifyTests/lunchifyTests-Info.plist";
				PRODUCT_BUNDLE_IDENTIFIER = "sookasa.${PRODUCT_NAME:rfc1034identifier}";
				PRODUCT_NAME = "$(TARGET_NAME)";
				TEST_HOST = "$(BUNDLE_LOADER)";
				WRAPPER_EXTENSION = xctest;
			};
			name = Debug;
		};
		0760BD391BC9960E008C3CC5 /* Release */ = {
			isa = XCBuildConfiguration;
			buildSettings = {
				BUNDLE_LOADER = "$(BUILT_PRODUCTS_DIR)/lunchify.app/lunchify";
				FRAMEWORK_SEARCH_PATHS = (
					"$(SDKROOT)/Developer/Library/Frameworks",
					"$(inherited)",
					"$(DEVELOPER_FRAMEWORKS_DIR)",
				);
				GCC_PRECOMPILE_PREFIX_HEADER = YES;
				GCC_PREFIX_HEADER = "lunchify/lunchify-Prefix.pch";
				INFOPLIST_FILE = "lunchifyTests/lunchifyTests-Info.plist";
				PRODUCT_BUNDLE_IDENTIFIER = "sookasa.${PRODUCT_NAME:rfc1034identifier}";
				PRODUCT_NAME = "$(TARGET_NAME)";
				TEST_HOST = "$(BUNDLE_LOADER)";
				WRAPPER_EXTENSION = xctest;
			};
			name = Release;
		};
/* End XCBuildConfiguration section */

/* Begin XCConfigurationList section */
		0760BCF71BC9960D008C3CC5 /* Build configuration list for PBXProject "lunchify" */ = {
			isa = XCConfigurationList;
			buildConfigurations = (
				0760BD321BC9960E008C3CC5 /* Debug */,
				0760BD331BC9960E008C3CC5 /* Release */,
			);
			defaultConfigurationIsVisible = 0;
			defaultConfigurationName = Release;
		};
		0760BD341BC9960E008C3CC5 /* Build configuration list for PBXNativeTarget "lunchify" */ = {
			isa = XCConfigurationList;
			buildConfigurations = (
				0760BD351BC9960E008C3CC5 /* Debug */,
				0760BD361BC9960E008C3CC5 /* Release */,
			);
			defaultConfigurationIsVisible = 0;
			defaultConfigurationName = Release;
		};
		0760BD371BC9960E008C3CC5 /* Build configuration list for PBXNativeTarget "lunchifyTests" */ = {
			isa = XCConfigurationList;
			buildConfigurations = (
				0760BD381BC9960E008C3CC5 /* Debug */,
				0760BD391BC9960E008C3CC5 /* Release */,
			);
			defaultConfigurationIsVisible = 0;
			defaultConfigurationName = Release;
		};
/* End XCConfigurationList section */
	};
	rootObject = 0760BCF41BC9960D008C3CC5 /* Project object */;
}
